
Microsoft Visual Studio Solution File, Format Version 12.00
# Visual Studio Version 16
VisualStudioVersion = 16.0.31424.327
MinimumVisualStudioVersion = 10.0.40219.1
Project("{2150E333-8FDC-42A3-9474-1A3956D46DE8}") = "Services", "Services", "{14AB631D-D46B-4D5A-BC5A-EEAC95282367}"
EndProject
Project("{2150E333-8FDC-42A3-9474-1A3956D46DE8}") = "Catalog", "Catalog", "{FEE15DFB-F360-491E-8348-F573B0B29B9E}"
EndProject
Project("{FAE04EC0-301F-11D3-BF4B-00C04F79EFBC}") = "FreeCourse.Services.Catalog.API", "Services\Catalog\FreeCourse.Services.Catalog.API\FreeCourse.Services.Catalog.API.csproj", "{3FD5781C-6649-46D1-8070-B211106CA3E5}"
EndProject
Project("{2150E333-8FDC-42A3-9474-1A3956D46DE8}") = "Solution Items", "Solution Items", "{526E9030-277E-4A1A-BAD3-211EDD1D6648}"
	ProjectSection(SolutionItems) = preProject
		Ports.txt = Ports.txt
	EndProjectSection
EndProject
Project("{2150E333-8FDC-42A3-9474-1A3956D46DE8}") = "Shared", "Shared", "{0EEF6F71-38FF-48B9-A25B-22325E446A48}"
EndProject
Project("{FAE04EC0-301F-11D3-BF4B-00C04F79EFBC}") = "FreeCourse.Shared", "Shared\FreeCourse.Shared\FreeCourse.Shared.csproj", "{6E6F0D61-9642-4291-8774-7FCAB5AFB2F3}"
EndProject
Global
	GlobalSection(SolutionConfigurationPlatforms) = preSolution
		Debug|Any CPU = Debug|Any CPU
		Release|Any CPU = Release|Any CPU
	EndGlobalSection
	GlobalSection(ProjectConfigurationPlatforms) = postSolution
		{3FD5781C-6649-46D1-8070-B211106CA3E5}.Debug|Any CPU.ActiveCfg = Debug|Any CPU
		{3FD5781C-6649-46D1-8070-B211106CA3E5}.Debug|Any CPU.Build.0 = Debug|Any CPU
		{3FD5781C-6649-46D1-8070-B211106CA3E5}.Release|Any CPU.ActiveCfg = Release|Any CPU
		{3FD5781C-6649-46D1-8070-B211106CA3E5}.Release|Any CPU.Build.0 = Release|Any CPU
		{6E6F0D61-9642-4291-8774-7FCAB5AFB2F3}.Debug|Any CPU.ActiveCfg = Debug|Any CPU
		{6E6F0D61-9642-4291-8774-7FCAB5AFB2F3}.Debug|Any CPU.Build.0 = Debug|Any CPU
		{6E6F0D61-9642-4291-8774-7FCAB5AFB2F3}.Release|Any CPU.ActiveCfg = Release|Any CPU
		{6E6F0D61-9642-4291-8774-7FCAB5AFB2F3}.Release|Any CPU.Build.0 = Release|Any CPU
	EndGlobalSection
	GlobalSection(SolutionProperties) = preSolution
		HideSolutionNode = FALSE
	EndGlobalSection
	GlobalSection(NestedProjects) = preSolution
		{FEE15DFB-F360-491E-8348-F573B0B29B9E} = {14AB631D-D46B-4D5A-BC5A-EEAC95282367}
		{3FD5781C-6649-46D1-8070-B211106CA3E5} = {FEE15DFB-F360-491E-8348-F573B0B29B9E}
		{6E6F0D61-9642-4291-8774-7FCAB5AFB2F3} = {0EEF6F71-38FF-48B9-A25B-22325E446A48}
	EndGlobalSection
	GlobalSection(ExtensibilityGlobals) = postSolution
		SolutionGuid = {80ED0614-1AA1-4A70-BCD7-4BC1A0B21D4F}
	EndGlobalSection
EndGlobal
