
Microsoft Visual Studio Solution File, Format Version 12.00
# Visual Studio Version 16
VisualStudioVersion = 16.0.31424.327
MinimumVisualStudioVersion = 10.0.40219.1
Project("{2150E333-8FDC-42A3-9474-1A3956D46DE8}") = "Services", "Services", "{14AB631D-D46B-4D5A-BC5A-EEAC95282367}"
EndProject
Project("{2150E333-8FDC-42A3-9474-1A3956D46DE8}") = "Catalog", "Catalog", "{FEE15DFB-F360-491E-8348-F573B0B29B9E}"
EndProject
Project("{9A19103F-16F7-4668-BE54-9A1E7A4F7556}") = "FreeCourse.Services.Catalog.API", "Services\Catalog\FreeCourse.Services.Catalog.API\FreeCourse.Services.Catalog.API.csproj", "{3FD5781C-6649-46D1-8070-B211106CA3E5}"
EndProject
Project("{2150E333-8FDC-42A3-9474-1A3956D46DE8}") = "Solution Items", "Solution Items", "{526E9030-277E-4A1A-BAD3-211EDD1D6648}"
	ProjectSection(SolutionItems) = preProject
		Ports.txt = Ports.txt
	EndProjectSection
EndProject
Project("{2150E333-8FDC-42A3-9474-1A3956D46DE8}") = "Shared", "Shared", "{0EEF6F71-38FF-48B9-A25B-22325E446A48}"
EndProject
Project("{9A19103F-16F7-4668-BE54-9A1E7A4F7556}") = "FreeCourse.Shared", "Shared\FreeCourse.Shared\FreeCourse.Shared.csproj", "{6E6F0D61-9642-4291-8774-7FCAB5AFB2F3}"
EndProject
Project("{2150E333-8FDC-42A3-9474-1A3956D46DE8}") = "IdentityServer", "IdentityServer", "{7C6C4AF2-4C4E-4BCF-A8F5-16B2E894E44A}"
EndProject
Project("{9A19103F-16F7-4668-BE54-9A1E7A4F7556}") = "FreeCourse.IdentityServer", "IdentityServer\FreeCourse.IdentityServer\FreeCourse.IdentityServer.csproj", "{5D6D171E-D913-498B-95D4-C70CC0EA7FA7}"
EndProject
Project("{2150E333-8FDC-42A3-9474-1A3956D46DE8}") = "PhotoStock", "PhotoStock", "{A5283075-A28F-41A3-AA43-14E2AF88DCB1}"
EndProject
Project("{9A19103F-16F7-4668-BE54-9A1E7A4F7556}") = "FreeCourse.Services.PhotoStock.API", "Services\PhotoStock\FreeCourse.Services.PhotoStock.API\FreeCourse.Services.PhotoStock.API.csproj", "{8C11496E-BB1E-43A8-8D60-35559A89F3A5}"
EndProject
Project("{2150E333-8FDC-42A3-9474-1A3956D46DE8}") = "Basket", "Basket", "{8D3CA664-70EB-4B3F-9DED-2450A9302718}"
EndProject
Project("{9A19103F-16F7-4668-BE54-9A1E7A4F7556}") = "FreeCourse.Services.Basket.API", "Services\Basket\FreeCourse.Services.Basket.API\FreeCourse.Services.Basket.API.csproj", "{79689E0C-87B6-4AAC-A62A-8B851D34B9AE}"
EndProject
Project("{2150E333-8FDC-42A3-9474-1A3956D46DE8}") = "Discount", "Discount", "{F9330A96-6996-4CBA-86C5-2CD5F3542B26}"
EndProject
Project("{9A19103F-16F7-4668-BE54-9A1E7A4F7556}") = "FreeCourse.Services.Discount.API", "Services\Discount\FreeCourse.Services.Discount.API\FreeCourse.Services.Discount.API.csproj", "{E1C19AE8-CFC3-40CB-8903-D02B2FB6BF26}"
EndProject
Project("{2150E333-8FDC-42A3-9474-1A3956D46DE8}") = "Order", "Order", "{98DB174A-2C49-4CA6-A9DF-82AE0D044EE8}"
EndProject
Project("{9A19103F-16F7-4668-BE54-9A1E7A4F7556}") = "FreeCourse.Services.Order.API", "Services\Order\FreeCourse.Services.Order.API\FreeCourse.Services.Order.API.csproj", "{36BBEE39-0FC6-4427-AF45-7EA7380F770E}"
EndProject
Project("{9A19103F-16F7-4668-BE54-9A1E7A4F7556}") = "FreeCourse.Services.Order.Application", "Services\Order\FreeCouse.Services.Order.Application\FreeCourse.Services.Order.Application.csproj", "{B767519D-062B-4308-AA06-796356963DF1}"
EndProject
Project("{9A19103F-16F7-4668-BE54-9A1E7A4F7556}") = "FreeCourse.Services.Order.Core", "Services\Order\FreeCourse.Services.Order.Core\FreeCourse.Services.Order.Core.csproj", "{8B663A08-A8F3-4BD8-8310-98E247C4C6D0}"
EndProject
Project("{9A19103F-16F7-4668-BE54-9A1E7A4F7556}") = "FreeCourse.Services.Order.Domain", "Services\Order\FreeCourse.Services.Order.Domain\FreeCourse.Services.Order.Domain.csproj", "{75AB1A27-DB03-4358-8F43-1B84C5E7DDFA}"
EndProject
Project("{9A19103F-16F7-4668-BE54-9A1E7A4F7556}") = "FreeCourse.Services.Order.Infrastructure", "Services\Order\FreeCourse.Services.Order.Infrastructure\FreeCourse.Services.Order.Infrastructure.csproj", "{5EFF735D-6F6D-43FB-841A-0E62794A2D97}"
EndProject
Project("{2150E333-8FDC-42A3-9474-1A3956D46DE8}") = "FakePayment", "FakePayment", "{D6EA9900-0F99-4A26-B93A-90BE4302DB6E}"
EndProject
Project("{9A19103F-16F7-4668-BE54-9A1E7A4F7556}") = "FreeCourse.Services.FakePayment.API", "Services\FakePayment\FreeCourse.Services.FakePayment\FreeCourse.Services.FakePayment.API.csproj", "{FE7F8411-4244-419E-A698-0DF62745190F}"
EndProject
Project("{2150E333-8FDC-42A3-9474-1A3956D46DE8}") = "Gateways", "Gateways", "{C6645B05-839B-4E75-A1B3-646B506D2843}"
EndProject
Project("{9A19103F-16F7-4668-BE54-9A1E7A4F7556}") = "FreeCourse.Gateway.API", "Gateways\FreeCourse.Gateway.API\FreeCourse.Gateway.API.csproj", "{4D68825F-259E-4E4E-9C72-1589996B07EE}"
EndProject
Project("{2150E333-8FDC-42A3-9474-1A3956D46DE8}") = "Frontends", "Frontends", "{2E232B88-D69F-4780-B765-D302C267AD93}"
EndProject
Project("{9A19103F-16F7-4668-BE54-9A1E7A4F7556}") = "FreeCourse.Web", "Frontends\FreeCourse.Web\FreeCourse.Web.csproj", "{31F8DAB0-BCB1-46B8-80F9-DCFF76BE87CF}"
EndProject
Global
	GlobalSection(SolutionConfigurationPlatforms) = preSolution
		Debug|Any CPU = Debug|Any CPU
		Release|Any CPU = Release|Any CPU
	EndGlobalSection
	GlobalSection(ProjectConfigurationPlatforms) = postSolution
		{3FD5781C-6649-46D1-8070-B211106CA3E5}.Debug|Any CPU.ActiveCfg = Debug|Any CPU
		{3FD5781C-6649-46D1-8070-B211106CA3E5}.Debug|Any CPU.Build.0 = Debug|Any CPU
		{3FD5781C-6649-46D1-8070-B211106CA3E5}.Release|Any CPU.ActiveCfg = Release|Any CPU
		{3FD5781C-6649-46D1-8070-B211106CA3E5}.Release|Any CPU.Build.0 = Release|Any CPU
		{6E6F0D61-9642-4291-8774-7FCAB5AFB2F3}.Debug|Any CPU.ActiveCfg = Debug|Any CPU
		{6E6F0D61-9642-4291-8774-7FCAB5AFB2F3}.Debug|Any CPU.Build.0 = Debug|Any CPU
		{6E6F0D61-9642-4291-8774-7FCAB5AFB2F3}.Release|Any CPU.ActiveCfg = Release|Any CPU
		{6E6F0D61-9642-4291-8774-7FCAB5AFB2F3}.Release|Any CPU.Build.0 = Release|Any CPU
		{5D6D171E-D913-498B-95D4-C70CC0EA7FA7}.Debug|Any CPU.ActiveCfg = Debug|Any CPU
		{5D6D171E-D913-498B-95D4-C70CC0EA7FA7}.Debug|Any CPU.Build.0 = Debug|Any CPU
		{5D6D171E-D913-498B-95D4-C70CC0EA7FA7}.Release|Any CPU.ActiveCfg = Release|Any CPU
		{5D6D171E-D913-498B-95D4-C70CC0EA7FA7}.Release|Any CPU.Build.0 = Release|Any CPU
		{8C11496E-BB1E-43A8-8D60-35559A89F3A5}.Debug|Any CPU.ActiveCfg = Debug|Any CPU
		{8C11496E-BB1E-43A8-8D60-35559A89F3A5}.Debug|Any CPU.Build.0 = Debug|Any CPU
		{8C11496E-BB1E-43A8-8D60-35559A89F3A5}.Release|Any CPU.ActiveCfg = Release|Any CPU
		{8C11496E-BB1E-43A8-8D60-35559A89F3A5}.Release|Any CPU.Build.0 = Release|Any CPU
		{79689E0C-87B6-4AAC-A62A-8B851D34B9AE}.Debug|Any CPU.ActiveCfg = Debug|Any CPU
		{79689E0C-87B6-4AAC-A62A-8B851D34B9AE}.Debug|Any CPU.Build.0 = Debug|Any CPU
		{79689E0C-87B6-4AAC-A62A-8B851D34B9AE}.Release|Any CPU.ActiveCfg = Release|Any CPU
		{79689E0C-87B6-4AAC-A62A-8B851D34B9AE}.Release|Any CPU.Build.0 = Release|Any CPU
		{E1C19AE8-CFC3-40CB-8903-D02B2FB6BF26}.Debug|Any CPU.ActiveCfg = Debug|Any CPU
		{E1C19AE8-CFC3-40CB-8903-D02B2FB6BF26}.Debug|Any CPU.Build.0 = Debug|Any CPU
		{E1C19AE8-CFC3-40CB-8903-D02B2FB6BF26}.Release|Any CPU.ActiveCfg = Release|Any CPU
		{E1C19AE8-CFC3-40CB-8903-D02B2FB6BF26}.Release|Any CPU.Build.0 = Release|Any CPU
		{36BBEE39-0FC6-4427-AF45-7EA7380F770E}.Debug|Any CPU.ActiveCfg = Debug|Any CPU
		{36BBEE39-0FC6-4427-AF45-7EA7380F770E}.Debug|Any CPU.Build.0 = Debug|Any CPU
		{36BBEE39-0FC6-4427-AF45-7EA7380F770E}.Release|Any CPU.ActiveCfg = Release|Any CPU
		{36BBEE39-0FC6-4427-AF45-7EA7380F770E}.Release|Any CPU.Build.0 = Release|Any CPU
		{B767519D-062B-4308-AA06-796356963DF1}.Debug|Any CPU.ActiveCfg = Debug|Any CPU
		{B767519D-062B-4308-AA06-796356963DF1}.Debug|Any CPU.Build.0 = Debug|Any CPU
		{B767519D-062B-4308-AA06-796356963DF1}.Release|Any CPU.ActiveCfg = Release|Any CPU
		{B767519D-062B-4308-AA06-796356963DF1}.Release|Any CPU.Build.0 = Release|Any CPU
		{8B663A08-A8F3-4BD8-8310-98E247C4C6D0}.Debug|Any CPU.ActiveCfg = Debug|Any CPU
		{8B663A08-A8F3-4BD8-8310-98E247C4C6D0}.Debug|Any CPU.Build.0 = Debug|Any CPU
		{8B663A08-A8F3-4BD8-8310-98E247C4C6D0}.Release|Any CPU.ActiveCfg = Release|Any CPU
		{8B663A08-A8F3-4BD8-8310-98E247C4C6D0}.Release|Any CPU.Build.0 = Release|Any CPU
		{75AB1A27-DB03-4358-8F43-1B84C5E7DDFA}.Debug|Any CPU.ActiveCfg = Debug|Any CPU
		{75AB1A27-DB03-4358-8F43-1B84C5E7DDFA}.Debug|Any CPU.Build.0 = Debug|Any CPU
		{75AB1A27-DB03-4358-8F43-1B84C5E7DDFA}.Release|Any CPU.ActiveCfg = Release|Any CPU
		{75AB1A27-DB03-4358-8F43-1B84C5E7DDFA}.Release|Any CPU.Build.0 = Release|Any CPU
		{5EFF735D-6F6D-43FB-841A-0E62794A2D97}.Debug|Any CPU.ActiveCfg = Debug|Any CPU
		{5EFF735D-6F6D-43FB-841A-0E62794A2D97}.Debug|Any CPU.Build.0 = Debug|Any CPU
		{5EFF735D-6F6D-43FB-841A-0E62794A2D97}.Release|Any CPU.ActiveCfg = Release|Any CPU
		{5EFF735D-6F6D-43FB-841A-0E62794A2D97}.Release|Any CPU.Build.0 = Release|Any CPU
		{FE7F8411-4244-419E-A698-0DF62745190F}.Debug|Any CPU.ActiveCfg = Debug|Any CPU
		{FE7F8411-4244-419E-A698-0DF62745190F}.Debug|Any CPU.Build.0 = Debug|Any CPU
		{FE7F8411-4244-419E-A698-0DF62745190F}.Release|Any CPU.ActiveCfg = Release|Any CPU
		{FE7F8411-4244-419E-A698-0DF62745190F}.Release|Any CPU.Build.0 = Release|Any CPU
		{4D68825F-259E-4E4E-9C72-1589996B07EE}.Debug|Any CPU.ActiveCfg = Debug|Any CPU
		{4D68825F-259E-4E4E-9C72-1589996B07EE}.Debug|Any CPU.Build.0 = Debug|Any CPU
		{4D68825F-259E-4E4E-9C72-1589996B07EE}.Release|Any CPU.ActiveCfg = Release|Any CPU
		{4D68825F-259E-4E4E-9C72-1589996B07EE}.Release|Any CPU.Build.0 = Release|Any CPU
		{31F8DAB0-BCB1-46B8-80F9-DCFF76BE87CF}.Debug|Any CPU.ActiveCfg = Debug|Any CPU
		{31F8DAB0-BCB1-46B8-80F9-DCFF76BE87CF}.Debug|Any CPU.Build.0 = Debug|Any CPU
		{31F8DAB0-BCB1-46B8-80F9-DCFF76BE87CF}.Release|Any CPU.ActiveCfg = Release|Any CPU
		{31F8DAB0-BCB1-46B8-80F9-DCFF76BE87CF}.Release|Any CPU.Build.0 = Release|Any CPU
	EndGlobalSection
	GlobalSection(SolutionProperties) = preSolution
		HideSolutionNode = FALSE
	EndGlobalSection
	GlobalSection(NestedProjects) = preSolution
		{FEE15DFB-F360-491E-8348-F573B0B29B9E} = {14AB631D-D46B-4D5A-BC5A-EEAC95282367}
		{3FD5781C-6649-46D1-8070-B211106CA3E5} = {FEE15DFB-F360-491E-8348-F573B0B29B9E}
		{6E6F0D61-9642-4291-8774-7FCAB5AFB2F3} = {0EEF6F71-38FF-48B9-A25B-22325E446A48}
		{5D6D171E-D913-498B-95D4-C70CC0EA7FA7} = {7C6C4AF2-4C4E-4BCF-A8F5-16B2E894E44A}
		{A5283075-A28F-41A3-AA43-14E2AF88DCB1} = {14AB631D-D46B-4D5A-BC5A-EEAC95282367}
		{8C11496E-BB1E-43A8-8D60-35559A89F3A5} = {A5283075-A28F-41A3-AA43-14E2AF88DCB1}
		{8D3CA664-70EB-4B3F-9DED-2450A9302718} = {14AB631D-D46B-4D5A-BC5A-EEAC95282367}
		{79689E0C-87B6-4AAC-A62A-8B851D34B9AE} = {8D3CA664-70EB-4B3F-9DED-2450A9302718}
		{F9330A96-6996-4CBA-86C5-2CD5F3542B26} = {14AB631D-D46B-4D5A-BC5A-EEAC95282367}
		{E1C19AE8-CFC3-40CB-8903-D02B2FB6BF26} = {F9330A96-6996-4CBA-86C5-2CD5F3542B26}
		{98DB174A-2C49-4CA6-A9DF-82AE0D044EE8} = {14AB631D-D46B-4D5A-BC5A-EEAC95282367}
		{36BBEE39-0FC6-4427-AF45-7EA7380F770E} = {98DB174A-2C49-4CA6-A9DF-82AE0D044EE8}
		{B767519D-062B-4308-AA06-796356963DF1} = {98DB174A-2C49-4CA6-A9DF-82AE0D044EE8}
		{8B663A08-A8F3-4BD8-8310-98E247C4C6D0} = {98DB174A-2C49-4CA6-A9DF-82AE0D044EE8}
		{75AB1A27-DB03-4358-8F43-1B84C5E7DDFA} = {98DB174A-2C49-4CA6-A9DF-82AE0D044EE8}
		{5EFF735D-6F6D-43FB-841A-0E62794A2D97} = {98DB174A-2C49-4CA6-A9DF-82AE0D044EE8}
		{D6EA9900-0F99-4A26-B93A-90BE4302DB6E} = {14AB631D-D46B-4D5A-BC5A-EEAC95282367}
		{FE7F8411-4244-419E-A698-0DF62745190F} = {D6EA9900-0F99-4A26-B93A-90BE4302DB6E}
		{4D68825F-259E-4E4E-9C72-1589996B07EE} = {C6645B05-839B-4E75-A1B3-646B506D2843}
		{31F8DAB0-BCB1-46B8-80F9-DCFF76BE87CF} = {2E232B88-D69F-4780-B765-D302C267AD93}
	EndGlobalSection
	GlobalSection(ExtensibilityGlobals) = postSolution
		SolutionGuid = {80ED0614-1AA1-4A70-BCD7-4BC1A0B21D4F}
	EndGlobalSection
EndGlobal
